
Microsoft Visual Studio Solution File, Format Version 12.00
# Visual Studio Version 16
VisualStudioVersion = 16.0.29215.179
MinimumVisualStudioVersion = 10.0.40219.1
Project("{FAE04EC0-301F-11D3-BF4B-00C04F79EFBC}") = "L05T05", "L05T05\L05T05.csproj", "{F8BED134-812F-4152-B116-E9EA7926F55F}"
EndProject
Global
	GlobalSection(SolutionConfigurationPlatforms) = preSolution
		Debug|Any CPU = Debug|Any CPU
		Release|Any CPU = Release|Any CPU
	EndGlobalSection
	GlobalSection(ProjectConfigurationPlatforms) = postSolution
		{F8BED134-812F-4152-B116-E9EA7926F55F}.Debug|Any CPU.ActiveCfg = Debug|Any CPU
		{F8BED134-812F-4152-B116-E9EA7926F55F}.Debug|Any CPU.Build.0 = Debug|Any CPU
		{F8BED134-812F-4152-B116-E9EA7926F55F}.Release|Any CPU.ActiveCfg = Release|Any CPU
		{F8BED134-812F-4152-B116-E9EA7926F55F}.Release|Any CPU.Build.0 = Release|Any CPU
	EndGlobalSection
	GlobalSection(SolutionProperties) = preSolution
		HideSolutionNode = FALSE
	EndGlobalSection
	GlobalSection(ExtensibilityGlobals) = postSolution
		SolutionGuid = {A56B1E86-08DF-45F8-A7B1-8F53E87AF82A}
	EndGlobalSection
EndGlobal
