
Microsoft Visual Studio Solution File, Format Version 12.00
# Visual Studio Version 16
VisualStudioVersion = 16.0.29215.179
MinimumVisualStudioVersion = 10.0.40219.1
Project("{FAE04EC0-301F-11D3-BF4B-00C04F79EFBC}") = "Demo03", "Demo03\Demo03.csproj", "{6E25097B-B5FE-4113-AE12-EE5BA2B14587}"
EndProject
Global
	GlobalSection(SolutionConfigurationPlatforms) = preSolution
		Debug|Any CPU = Debug|Any CPU
		Release|Any CPU = Release|Any CPU
	EndGlobalSection
	GlobalSection(ProjectConfigurationPlatforms) = postSolution
		{6E25097B-B5FE-4113-AE12-EE5BA2B14587}.Debug|Any CPU.ActiveCfg = Debug|Any CPU
		{6E25097B-B5FE-4113-AE12-EE5BA2B14587}.Debug|Any CPU.Build.0 = Debug|Any CPU
		{6E25097B-B5FE-4113-AE12-EE5BA2B14587}.Release|Any CPU.ActiveCfg = Release|Any CPU
		{6E25097B-B5FE-4113-AE12-EE5BA2B14587}.Release|Any CPU.Build.0 = Release|Any CPU
	EndGlobalSection
	GlobalSection(SolutionProperties) = preSolution
		HideSolutionNode = FALSE
	EndGlobalSection
	GlobalSection(ExtensibilityGlobals) = postSolution
		SolutionGuid = {309C9421-FAD6-4FFE-B51F-57485F1F7A26}
	EndGlobalSection
EndGlobal
