
Microsoft Visual Studio Solution File, Format Version 12.00
# Visual Studio Version 16
VisualStudioVersion = 16.0.29215.179
MinimumVisualStudioVersion = 10.0.40219.1
Project("{FAE04EC0-301F-11D3-BF4B-00C04F79EFBC}") = "Lab05", "Lab05\Lab05.csproj", "{D2B47957-25F6-46AF-9C56-0F21F9A40066}"
EndProject
Project("{FAE04EC0-301F-11D3-BF4B-00C04F79EFBC}") = "LO5T02", "LO5T02\LO5T02.csproj", "{B7B1E99D-79C0-4EE4-A107-673A253C4DB7}"
EndProject
Global
	GlobalSection(SolutionConfigurationPlatforms) = preSolution
		Debug|Any CPU = Debug|Any CPU
		Release|Any CPU = Release|Any CPU
	EndGlobalSection
	GlobalSection(ProjectConfigurationPlatforms) = postSolution
		{D2B47957-25F6-46AF-9C56-0F21F9A40066}.Debug|Any CPU.ActiveCfg = Debug|Any CPU
		{D2B47957-25F6-46AF-9C56-0F21F9A40066}.Debug|Any CPU.Build.0 = Debug|Any CPU
		{D2B47957-25F6-46AF-9C56-0F21F9A40066}.Release|Any CPU.ActiveCfg = Release|Any CPU
		{D2B47957-25F6-46AF-9C56-0F21F9A40066}.Release|Any CPU.Build.0 = Release|Any CPU
		{B7B1E99D-79C0-4EE4-A107-673A253C4DB7}.Debug|Any CPU.ActiveCfg = Debug|Any CPU
		{B7B1E99D-79C0-4EE4-A107-673A253C4DB7}.Debug|Any CPU.Build.0 = Debug|Any CPU
		{B7B1E99D-79C0-4EE4-A107-673A253C4DB7}.Release|Any CPU.ActiveCfg = Release|Any CPU
		{B7B1E99D-79C0-4EE4-A107-673A253C4DB7}.Release|Any CPU.Build.0 = Release|Any CPU
	EndGlobalSection
	GlobalSection(SolutionProperties) = preSolution
		HideSolutionNode = FALSE
	EndGlobalSection
	GlobalSection(ExtensibilityGlobals) = postSolution
		SolutionGuid = {7EEB8140-2D68-40C4-A878-117EA27989C0}
	EndGlobalSection
EndGlobal
