
Microsoft Visual Studio Solution File, Format Version 12.00
# Visual Studio Version 16
VisualStudioVersion = 16.0.29215.179
MinimumVisualStudioVersion = 10.0.40219.1
Project("{FAE04EC0-301F-11D3-BF4B-00C04F79EFBC}") = "L05T01", "L05T01\L05T01.csproj", "{5FEE5799-88CA-4F43-995D-29822A5DB073}"
EndProject
Global
	GlobalSection(SolutionConfigurationPlatforms) = preSolution
		Debug|Any CPU = Debug|Any CPU
		Release|Any CPU = Release|Any CPU
	EndGlobalSection
	GlobalSection(ProjectConfigurationPlatforms) = postSolution
		{5FEE5799-88CA-4F43-995D-29822A5DB073}.Debug|Any CPU.ActiveCfg = Debug|Any CPU
		{5FEE5799-88CA-4F43-995D-29822A5DB073}.Debug|Any CPU.Build.0 = Debug|Any CPU
		{5FEE5799-88CA-4F43-995D-29822A5DB073}.Release|Any CPU.ActiveCfg = Release|Any CPU
		{5FEE5799-88CA-4F43-995D-29822A5DB073}.Release|Any CPU.Build.0 = Release|Any CPU
	EndGlobalSection
	GlobalSection(SolutionProperties) = preSolution
		HideSolutionNode = FALSE
	EndGlobalSection
	GlobalSection(ExtensibilityGlobals) = postSolution
		SolutionGuid = {F44E0E3B-7A4E-499F-9BCC-24F41517906A}
	EndGlobalSection
EndGlobal
