
Microsoft Visual Studio Solution File, Format Version 12.00
# Visual Studio Version 16
VisualStudioVersion = 16.0.29215.179
MinimumVisualStudioVersion = 10.0.40219.1
Project("{FAE04EC0-301F-11D3-BF4B-00C04F79EFBC}") = "L05T04", "L05T04\L05T04.csproj", "{E4A782BA-011F-465E-8A94-3E0A739F6E63}"
EndProject
Global
	GlobalSection(SolutionConfigurationPlatforms) = preSolution
		Debug|Any CPU = Debug|Any CPU
		Release|Any CPU = Release|Any CPU
	EndGlobalSection
	GlobalSection(ProjectConfigurationPlatforms) = postSolution
		{E4A782BA-011F-465E-8A94-3E0A739F6E63}.Debug|Any CPU.ActiveCfg = Debug|Any CPU
		{E4A782BA-011F-465E-8A94-3E0A739F6E63}.Debug|Any CPU.Build.0 = Debug|Any CPU
		{E4A782BA-011F-465E-8A94-3E0A739F6E63}.Release|Any CPU.ActiveCfg = Release|Any CPU
		{E4A782BA-011F-465E-8A94-3E0A739F6E63}.Release|Any CPU.Build.0 = Release|Any CPU
	EndGlobalSection
	GlobalSection(SolutionProperties) = preSolution
		HideSolutionNode = FALSE
	EndGlobalSection
	GlobalSection(ExtensibilityGlobals) = postSolution
		SolutionGuid = {8DE057A3-EFF6-417A-AFFE-209D0CA5D8A3}
	EndGlobalSection
EndGlobal
